
Microsoft Visual Studio Solution File, Format Version 12.00
# Visual Studio 15
VisualStudioVersion = 15.0.26430.6
MinimumVisualStudioVersion = 10.0.40219.1
Project("{FAE04EC0-301F-11D3-BF4B-00C04F79EFBC}") = "GameAI", "GameAI.csproj", "{8F4BEA3C-FEB6-42B0-8F9B-A556E67E554C}"
EndProject
Project("{FAE04EC0-301F-11D3-BF4B-00C04F79EFBC}") = "SystemExtensions", "..\..\..\SystemExtensions\SystemExtensions\SystemExtensions.csproj", "{C975F5F0-272B-402F-AD69-E9576660B88A}"
EndProject
Global
	GlobalSection(SolutionConfigurationPlatforms) = preSolution
		Debug|Any CPU = Debug|Any CPU
		Release|Any CPU = Release|Any CPU
	EndGlobalSection
	GlobalSection(ProjectConfigurationPlatforms) = postSolution
		{8F4BEA3C-FEB6-42B0-8F9B-A556E67E554C}.Debug|Any CPU.ActiveCfg = Debug|Any CPU
		{8F4BEA3C-FEB6-42B0-8F9B-A556E67E554C}.Debug|Any CPU.Build.0 = Debug|Any CPU
		{8F4BEA3C-FEB6-42B0-8F9B-A556E67E554C}.Release|Any CPU.ActiveCfg = Release|Any CPU
		{8F4BEA3C-FEB6-42B0-8F9B-A556E67E554C}.Release|Any CPU.Build.0 = Release|Any CPU
		{C975F5F0-272B-402F-AD69-E9576660B88A}.Debug|Any CPU.ActiveCfg = Debug|Any CPU
		{C975F5F0-272B-402F-AD69-E9576660B88A}.Debug|Any CPU.Build.0 = Debug|Any CPU
		{C975F5F0-272B-402F-AD69-E9576660B88A}.Release|Any CPU.ActiveCfg = Release|Any CPU
		{C975F5F0-272B-402F-AD69-E9576660B88A}.Release|Any CPU.Build.0 = Release|Any CPU
	EndGlobalSection
	GlobalSection(SolutionProperties) = preSolution
		HideSolutionNode = FALSE
	EndGlobalSection
EndGlobal
